
Microsoft Visual Studio Solution File, Format Version 12.00
# Visual Studio Version 17
VisualStudioVersion = 17.7.34202.233
MinimumVisualStudioVersion = 10.0.40219.1
Project("{FAE04EC0-301F-11D3-BF4B-00C04F79EFBC}") = "ChartLibrary", "ChartLibrary\ChartLibrary.csproj", "{AF3B9F63-8248-4BC0-8C7B-2A07F853EBA6}"
EndProject
Global
	GlobalSection(SolutionConfigurationPlatforms) = preSolution
		Debug|Any CPU = Debug|Any CPU
		Release|Any CPU = Release|Any CPU
	EndGlobalSection
	GlobalSection(ProjectConfigurationPlatforms) = postSolution
		{AF3B9F63-8248-4BC0-8C7B-2A07F853EBA6}.Debug|Any CPU.ActiveCfg = Debug|Any CPU
		{AF3B9F63-8248-4BC0-8C7B-2A07F853EBA6}.Debug|Any CPU.Build.0 = Debug|Any CPU
		{AF3B9F63-8248-4BC0-8C7B-2A07F853EBA6}.Release|Any CPU.ActiveCfg = Release|Any CPU
		{AF3B9F63-8248-4BC0-8C7B-2A07F853EBA6}.Release|Any CPU.Build.0 = Release|Any CPU
	EndGlobalSection
	GlobalSection(SolutionProperties) = preSolution
		HideSolutionNode = FALSE
	EndGlobalSection
	GlobalSection(ExtensibilityGlobals) = postSolution
		SolutionGuid = {250559C8-5F47-4322-BC71-321A4037F129}
	EndGlobalSection
EndGlobal
